// !$*UTF8*$!
{
	archiveVersion = 1;
	classes = {
	};
	objectVersion = 46;
	objects = {

/* Begin PBXBuildFile section */
		52E6ACE51E7C3F3A007961C3 /* files in Resources */ = {isa = PBXBuildFile; fileRef = 52E6ACE41E7C3F3A007961C3 /* files */; };
		52E6ACE71E7C513A007961C3 /* Cartfile in Resources */ = {isa = PBXBuildFile; fileRef = 52E6ACE61E7C513A007961C3 /* Cartfile */; };
		52E6ACEA1E7C52D7007961C3 /* Zip.framework in Frameworks */ = {isa = PBXBuildFile; fileRef = 52E6ACE91E7C52D7007961C3 /* Zip.framework */; };
		52E6ACEC1E7C5315007961C3 /* Zip.framework in CopyFiles */ = {isa = PBXBuildFile; fileRef = 52E6ACE91E7C52D7007961C3 /* Zip.framework */; settings = {ATTRIBUTES = (CodeSignOnCopy, RemoveHeadersOnCopy, ); }; };
		52E6ACEE1E7C559F007961C3 /* SwiftyJSON.framework in Frameworks */ = {isa = PBXBuildFile; fileRef = 52E6ACED1E7C559F007961C3 /* SwiftyJSON.framework */; };
		52E6ACEF1E7C55AE007961C3 /* SwiftyJSON.framework in CopyFiles */ = {isa = PBXBuildFile; fileRef = 52E6ACED1E7C559F007961C3 /* SwiftyJSON.framework */; settings = {ATTRIBUTES = (CodeSignOnCopy, RemoveHeadersOnCopy, ); }; };
		52F06B111E4A6E6200F45C8B /* AppDelegate.swift in Sources */ = {isa = PBXBuildFile; fileRef = 52F06B101E4A6E6200F45C8B /* AppDelegate.swift */; };
		52F06B131E4A6E6200F45C8B /* ViewController.swift in Sources */ = {isa = PBXBuildFile; fileRef = 52F06B121E4A6E6200F45C8B /* ViewController.swift */; };
		52F06B181E4A6E6200F45C8B /* Assets.xcassets in Resources */ = {isa = PBXBuildFile; fileRef = 52F06B171E4A6E6200F45C8B /* Assets.xcassets */; };
		52F06B1B1E4A6E6200F45C8B /* LaunchScreen.storyboard in Resources */ = {isa = PBXBuildFile; fileRef = 52F06B191E4A6E6200F45C8B /* LaunchScreen.storyboard */; };
/* End PBXBuildFile section */

/* Begin PBXCopyFilesBuildPhase section */
		52E6ACEB1E7C52FA007961C3 /* CopyFiles */ = {
			isa = PBXCopyFilesBuildPhase;
			buildActionMask = 2147483647;
			dstPath = "";
			dstSubfolderSpec = 10;
			files = (
				52E6ACEF1E7C55AE007961C3 /* SwiftyJSON.framework in CopyFiles */,
				52E6ACEC1E7C5315007961C3 /* Zip.framework in CopyFiles */,
			);
			runOnlyForDeploymentPostprocessing = 0;
		};
/* End PBXCopyFilesBuildPhase section */

/* Begin PBXFileReference section */
		52E6ACE41E7C3F3A007961C3 /* files */ = {isa = PBXFileReference; lastKnownFileType = folder; path = files; sourceTree = "<group>"; };
		52E6ACE61E7C513A007961C3 /* Cartfile */ = {isa = PBXFileReference; fileEncoding = 4; lastKnownFileType = text; path = Cartfile; sourceTree = "<group>"; };
		52E6ACE91E7C52D7007961C3 /* Zip.framework */ = {isa = PBXFileReference; lastKnownFileType = wrapper.framework; name = Zip.framework; path = Carthage/Build/iOS/Zip.framework; sourceTree = "<group>"; };
		52E6ACED1E7C559F007961C3 /* SwiftyJSON.framework */ = {isa = PBXFileReference; lastKnownFileType = wrapper.framework; name = SwiftyJSON.framework; path = Carthage/Build/iOS/SwiftyJSON.framework; sourceTree = "<group>"; };
		52F06B0D1E4A6E6200F45C8B /* Treehub.app */ = {isa = PBXFileReference; explicitFileType = wrapper.application; includeInIndex = 0; path = Treehub.app; sourceTree = BUILT_PRODUCTS_DIR; };
		52F06B101E4A6E6200F45C8B /* AppDelegate.swift */ = {isa = PBXFileReference; lastKnownFileType = sourcecode.swift; path = AppDelegate.swift; sourceTree = "<group>"; };
		52F06B121E4A6E6200F45C8B /* ViewController.swift */ = {isa = PBXFileReference; lastKnownFileType = sourcecode.swift; path = ViewController.swift; sourceTree = "<group>"; };
		52F06B171E4A6E6200F45C8B /* Assets.xcassets */ = {isa = PBXFileReference; lastKnownFileType = folder.assetcatalog; path = Assets.xcassets; sourceTree = "<group>"; };
		52F06B1A1E4A6E6200F45C8B /* Base */ = {isa = PBXFileReference; lastKnownFileType = file.storyboard; name = Base; path = Base.lproj/LaunchScreen.storyboard; sourceTree = "<group>"; };
		52F06B1C1E4A6E6200F45C8B /* Info.plist */ = {isa = PBXFileReference; lastKnownFileType = text.plist.xml; path = Info.plist; sourceTree = "<group>"; };
/* End PBXFileReference section */

/* Begin PBXFrameworksBuildPhase section */
		52F06B0A1E4A6E6200F45C8B /* Frameworks */ = {
			isa = PBXFrameworksBuildPhase;
			buildActionMask = 2147483647;
			files = (
				52E6ACEE1E7C559F007961C3 /* SwiftyJSON.framework in Frameworks */,
				52E6ACEA1E7C52D7007961C3 /* Zip.framework in Frameworks */,
			);
			runOnlyForDeploymentPostprocessing = 0;
		};
/* End PBXFrameworksBuildPhase section */

/* Begin PBXGroup section */
		52E6ACE81E7C52D7007961C3 /* Frameworks */ = {
			isa = PBXGroup;
			children = (
				52E6ACED1E7C559F007961C3 /* SwiftyJSON.framework */,
				52E6ACE91E7C52D7007961C3 /* Zip.framework */,
			);
			name = Frameworks;
			sourceTree = "<group>";
		};
		52F06B041E4A6E6200F45C8B = {
			isa = PBXGroup;
			children = (
				52E6ACE61E7C513A007961C3 /* Cartfile */,
				52F06B0F1E4A6E6200F45C8B /* Treehub */,
				52F06B0E1E4A6E6200F45C8B /* Products */,
				52E6ACE81E7C52D7007961C3 /* Frameworks */,
			);
			sourceTree = "<group>";
		};
		52F06B0E1E4A6E6200F45C8B /* Products */ = {
			isa = PBXGroup;
			children = (
				52F06B0D1E4A6E6200F45C8B /* Treehub.app */,
			);
			name = Products;
			sourceTree = "<group>";
		};
		52F06B0F1E4A6E6200F45C8B /* Treehub */ = {
			isa = PBXGroup;
			children = (
				52E6ACE41E7C3F3A007961C3 /* files */,
				52F06B101E4A6E6200F45C8B /* AppDelegate.swift */,
				52F06B121E4A6E6200F45C8B /* ViewController.swift */,
				52F06B171E4A6E6200F45C8B /* Assets.xcassets */,
				52F06B191E4A6E6200F45C8B /* LaunchScreen.storyboard */,
				52F06B1C1E4A6E6200F45C8B /* Info.plist */,
			);
			path = Treehub;
			sourceTree = "<group>";
		};
/* End PBXGroup section */

/* Begin PBXNativeTarget section */
		52F06B0C1E4A6E6200F45C8B /* Treehub */ = {
			isa = PBXNativeTarget;
			buildConfigurationList = 52F06B1F1E4A6E6200F45C8B /* Build configuration list for PBXNativeTarget "Treehub" */;
			buildPhases = (
				52F06B091E4A6E6200F45C8B /* Sources */,
				52F06B0A1E4A6E6200F45C8B /* Frameworks */,
				52F06B0B1E4A6E6200F45C8B /* Resources */,
				52E6ACEB1E7C52FA007961C3 /* CopyFiles */,
			);
			buildRules = (
			);
			dependencies = (
			);
			name = Treehub;
			productName = Treehub;
			productReference = 52F06B0D1E4A6E6200F45C8B /* Treehub.app */;
			productType = "com.apple.product-type.application";
		};
/* End PBXNativeTarget section */

/* Begin PBXProject section */
		52F06B051E4A6E6200F45C8B /* Project object */ = {
			isa = PBXProject;
			attributes = {
				LastSwiftUpdateCheck = 0820;
				LastUpgradeCheck = 0820;
				ORGANIZATIONNAME = "Treehub LLC";
				TargetAttributes = {
					52F06B0C1E4A6E6200F45C8B = {
						CreatedOnToolsVersion = 8.2.1;
						DevelopmentTeam = 496JL3CVJ7;
						ProvisioningStyle = Automatic;
					};
				};
			};
			buildConfigurationList = 52F06B081E4A6E6200F45C8B /* Build configuration list for PBXProject "Treehub" */;
			compatibilityVersion = "Xcode 3.2";
			developmentRegion = English;
			hasScannedForEncodings = 0;
			knownRegions = (
				en,
				Base,
			);
			mainGroup = 52F06B041E4A6E6200F45C8B;
			productRefGroup = 52F06B0E1E4A6E6200F45C8B /* Products */;
			projectDirPath = "";
			projectRoot = "";
			targets = (
				52F06B0C1E4A6E6200F45C8B /* Treehub */,
			);
		};
/* End PBXProject section */

/* Begin PBXResourcesBuildPhase section */
		52F06B0B1E4A6E6200F45C8B /* Resources */ = {
			isa = PBXResourcesBuildPhase;
			buildActionMask = 2147483647;
			files = (
				52E6ACE51E7C3F3A007961C3 /* files in Resources */,
				52F06B1B1E4A6E6200F45C8B /* LaunchScreen.storyboard in Resources */,
				52E6ACE71E7C513A007961C3 /* Cartfile in Resources */,
				52F06B181E4A6E6200F45C8B /* Assets.xcassets in Resources */,
			);
			runOnlyForDeploymentPostprocessing = 0;
		};
/* End PBXResourcesBuildPhase section */

/* Begin PBXSourcesBuildPhase section */
		52F06B091E4A6E6200F45C8B /* Sources */ = {
			isa = PBXSourcesBuildPhase;
			buildActionMask = 2147483647;
			files = (
				52F06B131E4A6E6200F45C8B /* ViewController.swift in Sources */,
				52F06B111E4A6E6200F45C8B /* AppDelegate.swift in Sources */,
			);
			runOnlyForDeploymentPostprocessing = 0;
		};
/* End PBXSourcesBuildPhase section */

/* Begin PBXVariantGroup section */
		52F06B191E4A6E6200F45C8B /* LaunchScreen.storyboard */ = {
			isa = PBXVariantGroup;
			children = (
				52F06B1A1E4A6E6200F45C8B /* Base */,
			);
			name = LaunchScreen.storyboard;
			sourceTree = "<group>";
		};
/* End PBXVariantGroup section */

/* Begin XCBuildConfiguration section */
		52F06B1D1E4A6E6200F45C8B /* Debug */ = {
			isa = XCBuildConfiguration;
			buildSettings = {
				ALWAYS_SEARCH_USER_PATHS = NO;
				CLANG_ANALYZER_NONNULL = YES;
				CLANG_CXX_LANGUAGE_STANDARD = "gnu++0x";
				CLANG_CXX_LIBRARY = "libc++";
				CLANG_ENABLE_MODULES = YES;
				CLANG_ENABLE_OBJC_ARC = YES;
				CLANG_WARN_BOOL_CONVERSION = YES;
				CLANG_WARN_CONSTANT_CONVERSION = YES;
				CLANG_WARN_DIRECT_OBJC_ISA_USAGE = YES_ERROR;
				CLANG_WARN_DOCUMENTATION_COMMENTS = YES;
				CLANG_WARN_EMPTY_BODY = YES;
				CLANG_WARN_ENUM_CONVERSION = YES;
				CLANG_WARN_INFINITE_RECURSION = YES;
				CLANG_WARN_INT_CONVERSION = YES;
				CLANG_WARN_OBJC_ROOT_CLASS = YES_ERROR;
				CLANG_WARN_SUSPICIOUS_MOVE = YES;
				CLANG_WARN_UNREACHABLE_CODE = YES;
				CLANG_WARN__DUPLICATE_METHOD_MATCH = YES;
				"CODE_SIGN_IDENTITY[sdk=iphoneos*]" = "iPhone Developer";
				COPY_PHASE_STRIP = NO;
				DEBUG_INFORMATION_FORMAT = dwarf;
				ENABLE_STRICT_OBJC_MSGSEND = YES;
				ENABLE_TESTABILITY = YES;
				GCC_C_LANGUAGE_STANDARD = gnu99;
				GCC_DYNAMIC_NO_PIC = NO;
				GCC_NO_COMMON_BLOCKS = YES;
				GCC_OPTIMIZATION_LEVEL = 0;
				GCC_PREPROCESSOR_DEFINITIONS = (
					"DEBUG=1",
					"$(inherited)",
				);
				GCC_WARN_64_TO_32_BIT_CONVERSION = YES;
				GCC_WARN_ABOUT_RETURN_TYPE = YES_ERROR;
				GCC_WARN_UNDECLARED_SELECTOR = YES;
				GCC_WARN_UNINITIALIZED_AUTOS = YES_AGGRESSIVE;
				GCC_WARN_UNUSED_FUNCTION = YES;
				GCC_WARN_UNUSED_VARIABLE = YES;
				IPHONEOS_DEPLOYMENT_TARGET = 10.2;
				MTL_ENABLE_DEBUG_INFO = YES;
				ONLY_ACTIVE_ARCH = YES;
				SDKROOT = iphoneos;
				SWIFT_ACTIVE_COMPILATION_CONDITIONS = DEBUG;
				SWIFT_OPTIMIZATION_LEVEL = "-Onone";
				TARGETED_DEVICE_FAMILY = "1,2";
			};
			name = Debug;
		};
		52F06B1E1E4A6E6200F45C8B /* Release */ = {
			isa = XCBuildConfiguration;
			buildSettings = {
				ALWAYS_SEARCH_USER_PATHS = NO;
				CLANG_ANALYZER_NONNULL = YES;
				CLANG_CXX_LANGUAGE_STANDARD = "gnu++0x";
				CLANG_CXX_LIBRARY = "libc++";
				CLANG_ENABLE_MODULES = YES;
				CLANG_ENABLE_OBJC_ARC = YES;
				CLANG_WARN_BOOL_CONVERSION = YES;
				CLANG_WARN_CONSTANT_CONVERSION = YES;
				CLANG_WARN_DIRECT_OBJC_ISA_USAGE = YES_ERROR;
				CLANG_WARN_DOCUMENTATION_COMMENTS = YES;
				CLANG_WARN_EMPTY_BODY = YES;
				CLANG_WARN_ENUM_CONVERSION = YES;
				CLANG_WARN_INFINITE_RECURSION = YES;
				CLANG_WARN_INT_CONVERSION = YES;
				CLANG_WARN_OBJC_ROOT_CLASS = YES_ERROR;
				CLANG_WARN_SUSPICIOUS_MOVE = YES;
				CLANG_WARN_UNREACHABLE_CODE = YES;
				CLANG_WARN__DUPLICATE_METHOD_MATCH = YES;
				"CODE_SIGN_IDENTITY[sdk=iphoneos*]" = "iPhone Developer";
				COPY_PHASE_STRIP = NO;
				DEBUG_INFORMATION_FORMAT = "dwarf-with-dsym";
				ENABLE_NS_ASSERTIONS = NO;
				ENABLE_STRICT_OBJC_MSGSEND = YES;
				GCC_C_LANGUAGE_STANDARD = gnu99;
				GCC_NO_COMMON_BLOCKS = YES;
				GCC_WARN_64_TO_32_BIT_CONVERSION = YES;
				GCC_WARN_ABOUT_RETURN_TYPE = YES_ERROR;
				GCC_WARN_UNDECLARED_SELECTOR = YES;
				GCC_WARN_UNINITIALIZED_AUTOS = YES_AGGRESSIVE;
				GCC_WARN_UNUSED_FUNCTION = YES;
				GCC_WARN_UNUSED_VARIABLE = YES;
				IPHONEOS_DEPLOYMENT_TARGET = 10.2;
				MTL_ENABLE_DEBUG_INFO = NO;
				SDKROOT = iphoneos;
				SWIFT_OPTIMIZATION_LEVEL = "-Owholemodule";
				TARGETED_DEVICE_FAMILY = "1,2";
				VALIDATE_PRODUCT = YES;
			};
			name = Release;
		};
		52F06B201E4A6E6200F45C8B /* Debug */ = {
			isa = XCBuildConfiguration;
			buildSettings = {
				ASSETCATALOG_COMPILER_APPICON_NAME = AppIcon;
				DEVELOPMENT_TEAM = 496JL3CVJ7;
				FRAMEWORK_SEARCH_PATHS = (
					"$(inherited)",
					"$(PROJECT_DIR)/Carthage/Build/iOS",
				);
				INFOPLIST_FILE = Treehub/Info.plist;
				LD_RUNPATH_SEARCH_PATHS = "$(inherited) @executable_path/Frameworks";
				PRODUCT_BUNDLE_IDENTIFIER = com.treehub.app.ios.Treehub;
				PRODUCT_NAME = "$(TARGET_NAME)";
				SWIFT_VERSION = 3.0;
			};
			name = Debug;
		};
		52F06B211E4A6E6200F45C8B /* Release */ = {
			isa = XCBuildConfiguration;
			buildSettings = {
				ASSETCATALOG_COMPILER_APPICON_NAME = AppIcon;
				DEVELOPMENT_TEAM = 496JL3CVJ7;
				FRAMEWORK_SEARCH_PATHS = (
					"$(inherited)",
					"$(PROJECT_DIR)/Carthage/Build/iOS",
				);
				INFOPLIST_FILE = Treehub/Info.plist;
				LD_RUNPATH_SEARCH_PATHS = "$(inherited) @executable_path/Frameworks";
				PRODUCT_BUNDLE_IDENTIFIER = com.treehub.app.ios.Treehub;
				PRODUCT_NAME = "$(TARGET_NAME)";
				SWIFT_VERSION = 3.0;
			};
			name = Release;
		};
/* End XCBuildConfiguration section */

/* Begin XCConfigurationList section */
		52F06B081E4A6E6200F45C8B /* Build configuration list for PBXProject "Treehub" */ = {
			isa = XCConfigurationList;
			buildConfigurations = (
				52F06B1D1E4A6E6200F45C8B /* Debug */,
				52F06B1E1E4A6E6200F45C8B /* Release */,
			);
			defaultConfigurationIsVisible = 0;
			defaultConfigurationName = Release;
		};
		52F06B1F1E4A6E6200F45C8B /* Build configuration list for PBXNativeTarget "Treehub" */ = {
			isa = XCConfigurationList;
			buildConfigurations = (
				52F06B201E4A6E6200F45C8B /* Debug */,
				52F06B211E4A6E6200F45C8B /* Release */,
			);
			defaultConfigurationIsVisible = 0;
			defaultConfigurationName = Release;
		};
/* End XCConfigurationList section */
	};
	rootObject = 52F06B051E4A6E6200F45C8B /* Project object */;
}
